// !$*UTF8*$!
{
	archiveVersion = 1;
	classes = {
	};
	objectVersion = 46;
	objects = {

/* Begin PBXBuildFile section */
		0C3EED0C9EE35031DCE1EEAA /* libPods-Twittr.a in Frameworks */ = {isa = PBXBuildFile; fileRef = 50E7CB13E7AFA38F0935F42C /* libPods-Twittr.a */; };
		0CD5664C1E3FB923007FBBCC /* main.m in Sources */ = {isa = PBXBuildFile; fileRef = 0CD5664B1E3FB923007FBBCC /* main.m */; };
		0CD5664F1E3FB923007FBBCC /* AppDelegate.m in Sources */ = {isa = PBXBuildFile; fileRef = 0CD5664E1E3FB923007FBBCC /* AppDelegate.m */; };
		0CD566571E3FB923007FBBCC /* Assets.xcassets in Resources */ = {isa = PBXBuildFile; fileRef = 0CD566561E3FB923007FBBCC /* Assets.xcassets */; };
		0CD5665A1E3FB923007FBBCC /* LaunchScreen.storyboard in Resources */ = {isa = PBXBuildFile; fileRef = 0CD566581E3FB923007FBBCC /* LaunchScreen.storyboard */; };
		0CD566641E3FB9C6007FBBCC /* TweetListViewController.m in Sources */ = {isa = PBXBuildFile; fileRef = 0CD566621E3FB9C6007FBBCC /* TweetListViewController.m */; };
		0CD566651E3FB9C6007FBBCC /* TweetListViewController.xib in Resources */ = {isa = PBXBuildFile; fileRef = 0CD566631E3FB9C6007FBBCC /* TweetListViewController.xib */; };
		0CD5666D1E3FC872007FBBCC /* TweetTableViewCell.m in Sources */ = {isa = PBXBuildFile; fileRef = 0CD5666B1E3FC872007FBBCC /* TweetTableViewCell.m */; };
		0CD5666E1E3FC872007FBBCC /* TweetTableViewCell.xib in Resources */ = {isa = PBXBuildFile; fileRef = 0CD5666C1E3FC872007FBBCC /* TweetTableViewCell.xib */; };
/* End PBXBuildFile section */

/* Begin PBXFileReference section */
		0CD566471E3FB923007FBBCC /* Twittr.app */ = {isa = PBXFileReference; explicitFileType = wrapper.application; includeInIndex = 0; path = Twittr.app; sourceTree = BUILT_PRODUCTS_DIR; };
		0CD5664B1E3FB923007FBBCC /* main.m */ = {isa = PBXFileReference; lastKnownFileType = sourcecode.c.objc; path = main.m; sourceTree = "<group>"; };
		0CD5664D1E3FB923007FBBCC /* AppDelegate.h */ = {isa = PBXFileReference; lastKnownFileType = sourcecode.c.h; path = AppDelegate.h; sourceTree = "<group>"; };
		0CD5664E1E3FB923007FBBCC /* AppDelegate.m */ = {isa = PBXFileReference; lastKnownFileType = sourcecode.c.objc; path = AppDelegate.m; sourceTree = "<group>"; };
		0CD566561E3FB923007FBBCC /* Assets.xcassets */ = {isa = PBXFileReference; lastKnownFileType = folder.assetcatalog; path = Assets.xcassets; sourceTree = "<group>"; };
		0CD566591E3FB923007FBBCC /* Base */ = {isa = PBXFileReference; lastKnownFileType = file.storyboard; name = Base; path = Base.lproj/LaunchScreen.storyboard; sourceTree = "<group>"; };
		0CD5665B1E3FB923007FBBCC /* Info.plist */ = {isa = PBXFileReference; lastKnownFileType = text.plist.xml; path = Info.plist; sourceTree = "<group>"; };
		0CD566611E3FB9C6007FBBCC /* TweetListViewController.h */ = {isa = PBXFileReference; fileEncoding = 4; lastKnownFileType = sourcecode.c.h; path = TweetListViewController.h; sourceTree = "<group>"; };
		0CD566621E3FB9C6007FBBCC /* TweetListViewController.m */ = {isa = PBXFileReference; fileEncoding = 4; lastKnownFileType = sourcecode.c.objc; path = TweetListViewController.m; sourceTree = "<group>"; };
		0CD566631E3FB9C6007FBBCC /* TweetListViewController.xib */ = {isa = PBXFileReference; fileEncoding = 4; lastKnownFileType = file.xib; path = TweetListViewController.xib; sourceTree = "<group>"; };
		0CD5666A1E3FC872007FBBCC /* TweetTableViewCell.h */ = {isa = PBXFileReference; fileEncoding = 4; lastKnownFileType = sourcecode.c.h; path = TweetTableViewCell.h; sourceTree = "<group>"; };
		0CD5666B1E3FC872007FBBCC /* TweetTableViewCell.m */ = {isa = PBXFileReference; fileEncoding = 4; lastKnownFileType = sourcecode.c.objc; path = TweetTableViewCell.m; sourceTree = "<group>"; };
		0CD5666C1E3FC872007FBBCC /* TweetTableViewCell.xib */ = {isa = PBXFileReference; fileEncoding = 4; lastKnownFileType = file.xib; path = TweetTableViewCell.xib; sourceTree = "<group>"; };
		50E7CB13E7AFA38F0935F42C /* libPods-Twittr.a */ = {isa = PBXFileReference; explicitFileType = archive.ar; includeInIndex = 0; path = "libPods-Twittr.a"; sourceTree = BUILT_PRODUCTS_DIR; };
		64EFA33A005AFA10CFD61DF0 /* Pods-Twittr.release.xcconfig */ = {isa = PBXFileReference; includeInIndex = 1; lastKnownFileType = text.xcconfig; name = "Pods-Twittr.release.xcconfig"; path = "Pods/Target Support Files/Pods-Twittr/Pods-Twittr.release.xcconfig"; sourceTree = "<group>"; };
		745F407948FEB207A0A48AF1 /* Pods-Twittr.debug.xcconfig */ = {isa = PBXFileReference; includeInIndex = 1; lastKnownFileType = text.xcconfig; name = "Pods-Twittr.debug.xcconfig"; path = "Pods/Target Support Files/Pods-Twittr/Pods-Twittr.debug.xcconfig"; sourceTree = "<group>"; };
/* End PBXFileReference section */

/* Begin PBXFrameworksBuildPhase section */
		0CD566441E3FB923007FBBCC /* Frameworks */ = {
			isa = PBXFrameworksBuildPhase;
			buildActionMask = 2147483647;
			files = (
				0C3EED0C9EE35031DCE1EEAA /* libPods-Twittr.a in Frameworks */,
			);
			runOnlyForDeploymentPostprocessing = 0;
		};
/* End PBXFrameworksBuildPhase section */

/* Begin PBXGroup section */
		0CD5663E1E3FB922007FBBCC = {
			isa = PBXGroup;
			children = (
				0CD566491E3FB923007FBBCC /* Twittr */,
				0CD566481E3FB923007FBBCC /* Products */,
				2CB8A1B3CABA04AA7D03077E /* Pods */,
				23EBCA7199BBD832CD3C2153 /* Frameworks */,
			);
			sourceTree = "<group>";
		};
		0CD566481E3FB923007FBBCC /* Products */ = {
			isa = PBXGroup;
			children = (
				0CD566471E3FB923007FBBCC /* Twittr.app */,
			);
			name = Products;
			sourceTree = "<group>";
		};
		0CD566491E3FB923007FBBCC /* Twittr */ = {
			isa = PBXGroup;
			children = (
				0CD566741E4112D8007FBBCC /* resources */,
				0CD566731E411257007FBBCC /* config */,
				0CD566681E3FBA70007FBBCC /* views */,
				0CD566671E3FBA0C007FBBCC /* models */,
				0CD566661E3FBA02007FBBCC /* controllers */,
				0CD566691E3FC360007FBBCC /* application */,
				0CD566561E3FB923007FBBCC /* Assets.xcassets */,
				0CD566581E3FB923007FBBCC /* LaunchScreen.storyboard */,
				0CD5664A1E3FB923007FBBCC /* Supporting Files */,
			);
			path = Twittr;
			sourceTree = "<group>";
		};
		0CD5664A1E3FB923007FBBCC /* Supporting Files */ = {
			isa = PBXGroup;
			children = (
				0CD5664B1E3FB923007FBBCC /* main.m */,
			);
			name = "Supporting Files";
			sourceTree = "<group>";
		};
		0CD566661E3FBA02007FBBCC /* controllers */ = {
			isa = PBXGroup;
			children = (
				0CD566611E3FB9C6007FBBCC /* TweetListViewController.h */,
				0CD566621E3FB9C6007FBBCC /* TweetListViewController.m */,
				0CD5666A1E3FC872007FBBCC /* TweetTableViewCell.h */,
				0CD5666B1E3FC872007FBBCC /* TweetTableViewCell.m */,
			);
			path = controllers;
			sourceTree = "<group>";
		};
		0CD566671E3FBA0C007FBBCC /* models */ = {
			isa = PBXGroup;
			children = (
			);
			path = models;
			sourceTree = "<group>";
		};
		0CD566681E3FBA70007FBBCC /* views */ = {
			isa = PBXGroup;
			children = (
				0CD566631E3FB9C6007FBBCC /* TweetListViewController.xib */,
				0CD5666C1E3FC872007FBBCC /* TweetTableViewCell.xib */,
			);
			path = views;
			sourceTree = "<group>";
		};
		0CD566691E3FC360007FBBCC /* application */ = {
			isa = PBXGroup;
			children = (
				0CD5664D1E3FB923007FBBCC /* AppDelegate.h */,
				0CD5664E1E3FB923007FBBCC /* AppDelegate.m */,
			);
			path = application;
			sourceTree = "<group>";
		};
		0CD566731E411257007FBBCC /* config */ = {
			isa = PBXGroup;
			children = (
				0CD5665B1E3FB923007FBBCC /* Info.plist */,
			);
			path = config;
			sourceTree = "<group>";
		};
		0CD566741E4112D8007FBBCC /* resources */ = {
			isa = PBXGroup;
			children = (
			);
			path = resources;
			sourceTree = "<group>";
		};
		23EBCA7199BBD832CD3C2153 /* Frameworks */ = {
			isa = PBXGroup;
			children = (
				50E7CB13E7AFA38F0935F42C /* libPods-Twittr.a */,
			);
			name = Frameworks;
			sourceTree = "<group>";
		};
		2CB8A1B3CABA04AA7D03077E /* Pods */ = {
			isa = PBXGroup;
			children = (
				745F407948FEB207A0A48AF1 /* Pods-Twittr.debug.xcconfig */,
				64EFA33A005AFA10CFD61DF0 /* Pods-Twittr.release.xcconfig */,
			);
			name = Pods;
			sourceTree = "<group>";
		};
/* End PBXGroup section */

/* Begin PBXNativeTarget section */
		0CD566461E3FB923007FBBCC /* Twittr */ = {
			isa = PBXNativeTarget;
			buildConfigurationList = 0CD5665E1E3FB923007FBBCC /* Build configuration list for PBXNativeTarget "Twittr" */;
			buildPhases = (
				EE5CB6D25CD8E5FA34B465EF /* [CP] Check Pods Manifest.lock */,
				0CD566431E3FB923007FBBCC /* Sources */,
				0CD566441E3FB923007FBBCC /* Frameworks */,
				0CD566451E3FB923007FBBCC /* Resources */,
				AF97FD6644A886538F14B12B /* [CP] Embed Pods Frameworks */,
				8E9EBA8DE9AB0ACEC2C5C1A2 /* [CP] Copy Pods Resources */,
			);
			buildRules = (
			);
			dependencies = (
			);
			name = Twittr;
			productName = Twittr;
			productReference = 0CD566471E3FB923007FBBCC /* Twittr.app */;
			productType = "com.apple.product-type.application";
		};
/* End PBXNativeTarget section */

/* Begin PBXProject section */
		0CD5663F1E3FB922007FBBCC /* Project object */ = {
			isa = PBXProject;
			attributes = {
				LastUpgradeCheck = 0820;
				ORGANIZATIONNAME = "Balachandar Sankar";
				TargetAttributes = {
					0CD566461E3FB923007FBBCC = {
						CreatedOnToolsVersion = 8.2.1;
						ProvisioningStyle = Automatic;
					};
				};
			};
			buildConfigurationList = 0CD566421E3FB922007FBBCC /* Build configuration list for PBXProject "Twittr" */;
			compatibilityVersion = "Xcode 3.2";
			developmentRegion = English;
			hasScannedForEncodings = 0;
			knownRegions = (
				en,
				Base,
			);
			mainGroup = 0CD5663E1E3FB922007FBBCC;
			productRefGroup = 0CD566481E3FB923007FBBCC /* Products */;
			projectDirPath = "";
			projectRoot = "";
			targets = (
				0CD566461E3FB923007FBBCC /* Twittr */,
			);
		};
/* End PBXProject section */

/* Begin PBXResourcesBuildPhase section */
		0CD566451E3FB923007FBBCC /* Resources */ = {
			isa = PBXResourcesBuildPhase;
			buildActionMask = 2147483647;
			files = (
				0CD5665A1E3FB923007FBBCC /* LaunchScreen.storyboard in Resources */,
				0CD566571E3FB923007FBBCC /* Assets.xcassets in Resources */,
				0CD566651E3FB9C6007FBBCC /* TweetListViewController.xib in Resources */,
				0CD5666E1E3FC872007FBBCC /* TweetTableViewCell.xib in Resources */,
			);
			runOnlyForDeploymentPostprocessing = 0;
		};
/* End PBXResourcesBuildPhase section */

/* Begin PBXShellScriptBuildPhase section */
		8E9EBA8DE9AB0ACEC2C5C1A2 /* [CP] Copy Pods Resources */ = {
			isa = PBXShellScriptBuildPhase;
			buildActionMask = 2147483647;
			files = (
			);
			inputPaths = (
			);
			name = "[CP] Copy Pods Resources";
			outputPaths = (
			);
			runOnlyForDeploymentPostprocessing = 0;
			shellPath = /bin/sh;
			shellScript = "\"${SRCROOT}/Pods/Target Support Files/Pods-Twittr/Pods-Twittr-resources.sh\"\n";
			showEnvVarsInLog = 0;
		};
		AF97FD6644A886538F14B12B /* [CP] Embed Pods Frameworks */ = {
			isa = PBXShellScriptBuildPhase;
			buildActionMask = 2147483647;
			files = (
			);
			inputPaths = (
			);
			name = "[CP] Embed Pods Frameworks";
			outputPaths = (
			);
			runOnlyForDeploymentPostprocessing = 0;
			shellPath = /bin/sh;
			shellScript = "\"${SRCROOT}/Pods/Target Support Files/Pods-Twittr/Pods-Twittr-frameworks.sh\"\n";
			showEnvVarsInLog = 0;
		};
		EE5CB6D25CD8E5FA34B465EF /* [CP] Check Pods Manifest.lock */ = {
			isa = PBXShellScriptBuildPhase;
			buildActionMask = 2147483647;
			files = (
			);
			inputPaths = (
			);
			name = "[CP] Check Pods Manifest.lock";
			outputPaths = (
			);
			runOnlyForDeploymentPostprocessing = 0;
			shellPath = /bin/sh;
			shellScript = "diff \"${PODS_ROOT}/../Podfile.lock\" \"${PODS_ROOT}/Manifest.lock\" > /dev/null\nif [ $? != 0 ] ; then\n    # print error to STDERR\n    echo \"error: The sandbox is not in sync with the Podfile.lock. Run 'pod install' or update your CocoaPods installation.\" >&2\n    exit 1\nfi\n";
			showEnvVarsInLog = 0;
		};
/* End PBXShellScriptBuildPhase section */

/* Begin PBXSourcesBuildPhase section */
		0CD566431E3FB923007FBBCC /* Sources */ = {
			isa = PBXSourcesBuildPhase;
			buildActionMask = 2147483647;
			files = (
				0CD566641E3FB9C6007FBBCC /* TweetListViewController.m in Sources */,
				0CD5664F1E3FB923007FBBCC /* AppDelegate.m in Sources */,
				0CD5664C1E3FB923007FBBCC /* main.m in Sources */,
				0CD5666D1E3FC872007FBBCC /* TweetTableViewCell.m in Sources */,
			);
			runOnlyForDeploymentPostprocessing = 0;
		};
/* End PBXSourcesBuildPhase section */

/* Begin PBXVariantGroup section */
		0CD566581E3FB923007FBBCC /* LaunchScreen.storyboard */ = {
			isa = PBXVariantGroup;
			children = (
				0CD566591E3FB923007FBBCC /* Base */,
			);
			name = LaunchScreen.storyboard;
			sourceTree = "<group>";
		};
/* End PBXVariantGroup section */

/* Begin XCBuildConfiguration section */
		0CD5665C1E3FB923007FBBCC /* Debug */ = {
			isa = XCBuildConfiguration;
			buildSettings = {
				ALWAYS_SEARCH_USER_PATHS = NO;
				CLANG_ANALYZER_NONNULL = YES;
				CLANG_CXX_LANGUAGE_STANDARD = "gnu++0x";
				CLANG_CXX_LIBRARY = "libc++";
				CLANG_ENABLE_MODULES = YES;
				CLANG_ENABLE_OBJC_ARC = YES;
				CLANG_WARN_BOOL_CONVERSION = YES;
				CLANG_WARN_CONSTANT_CONVERSION = YES;
				CLANG_WARN_DIRECT_OBJC_ISA_USAGE = YES_ERROR;
				CLANG_WARN_DOCUMENTATION_COMMENTS = YES;
				CLANG_WARN_EMPTY_BODY = YES;
				CLANG_WARN_ENUM_CONVERSION = YES;
				CLANG_WARN_INFINITE_RECURSION = YES;
				CLANG_WARN_INT_CONVERSION = YES;
				CLANG_WARN_OBJC_ROOT_CLASS = YES_ERROR;
				CLANG_WARN_SUSPICIOUS_MOVE = YES;
				CLANG_WARN_UNREACHABLE_CODE = YES;
				CLANG_WARN__DUPLICATE_METHOD_MATCH = YES;
				"CODE_SIGN_IDENTITY[sdk=iphoneos*]" = "iPhone Developer";
				COPY_PHASE_STRIP = NO;
				DEBUG_INFORMATION_FORMAT = dwarf;
				ENABLE_STRICT_OBJC_MSGSEND = YES;
				ENABLE_TESTABILITY = YES;
				GCC_C_LANGUAGE_STANDARD = gnu99;
				GCC_DYNAMIC_NO_PIC = NO;
				GCC_NO_COMMON_BLOCKS = YES;
				GCC_OPTIMIZATION_LEVEL = 0;
				GCC_PREPROCESSOR_DEFINITIONS = (
					"DEBUG=1",
					"$(inherited)",
				);
				GCC_WARN_64_TO_32_BIT_CONVERSION = YES;
				GCC_WARN_ABOUT_RETURN_TYPE = YES_ERROR;
				GCC_WARN_UNDECLARED_SELECTOR = YES;
				GCC_WARN_UNINITIALIZED_AUTOS = YES_AGGRESSIVE;
				GCC_WARN_UNUSED_FUNCTION = YES;
				GCC_WARN_UNUSED_VARIABLE = YES;
				IPHONEOS_DEPLOYMENT_TARGET = 10.2;
				MTL_ENABLE_DEBUG_INFO = YES;
				ONLY_ACTIVE_ARCH = YES;
				SDKROOT = iphoneos;
				TARGETED_DEVICE_FAMILY = "1,2";
			};
			name = Debug;
		};
		0CD5665D1E3FB923007FBBCC /* Release */ = {
			isa = XCBuildConfiguration;
			buildSettings = {
				ALWAYS_SEARCH_USER_PATHS = NO;
				CLANG_ANALYZER_NONNULL = YES;
				CLANG_CXX_LANGUAGE_STANDARD = "gnu++0x";
				CLANG_CXX_LIBRARY = "libc++";
				CLANG_ENABLE_MODULES = YES;
				CLANG_ENABLE_OBJC_ARC = YES;
				CLANG_WARN_BOOL_CONVERSION = YES;
				CLANG_WARN_CONSTANT_CONVERSION = YES;
				CLANG_WARN_DIRECT_OBJC_ISA_USAGE = YES_ERROR;
				CLANG_WARN_DOCUMENTATION_COMMENTS = YES;
				CLANG_WARN_EMPTY_BODY = YES;
				CLANG_WARN_ENUM_CONVERSION = YES;
				CLANG_WARN_INFINITE_RECURSION = YES;
				CLANG_WARN_INT_CONVERSION = YES;
				CLANG_WARN_OBJC_ROOT_CLASS = YES_ERROR;
				CLANG_WARN_SUSPICIOUS_MOVE = YES;
				CLANG_WARN_UNREACHABLE_CODE = YES;
				CLANG_WARN__DUPLICATE_METHOD_MATCH = YES;
				"CODE_SIGN_IDENTITY[sdk=iphoneos*]" = "iPhone Developer";
				COPY_PHASE_STRIP = NO;
				DEBUG_INFORMATION_FORMAT = "dwarf-with-dsym";
				ENABLE_NS_ASSERTIONS = NO;
				ENABLE_STRICT_OBJC_MSGSEND = YES;
				GCC_C_LANGUAGE_STANDARD = gnu99;
				GCC_NO_COMMON_BLOCKS = YES;
				GCC_WARN_64_TO_32_BIT_CONVERSION = YES;
				GCC_WARN_ABOUT_RETURN_TYPE = YES_ERROR;
				GCC_WARN_UNDECLARED_SELECTOR = YES;
				GCC_WARN_UNINITIALIZED_AUTOS = YES_AGGRESSIVE;
				GCC_WARN_UNUSED_FUNCTION = YES;
				GCC_WARN_UNUSED_VARIABLE = YES;
				IPHONEOS_DEPLOYMENT_TARGET = 10.2;
				MTL_ENABLE_DEBUG_INFO = NO;
				SDKROOT = iphoneos;
				TARGETED_DEVICE_FAMILY = "1,2";
				VALIDATE_PRODUCT = YES;
			};
			name = Release;
		};
		0CD5665F1E3FB923007FBBCC /* Debug */ = {
			isa = XCBuildConfiguration;
			baseConfigurationReference = 745F407948FEB207A0A48AF1 /* Pods-Twittr.debug.xcconfig */;
			buildSettings = {
				ASSETCATALOG_COMPILER_APPICON_NAME = AppIcon;
				INFOPLIST_FILE = Twittr/Info.plist;
				LD_RUNPATH_SEARCH_PATHS = "$(inherited) @executable_path/Frameworks";
				PRODUCT_BUNDLE_IDENTIFIER = com.balasankar.Twittr;
				PRODUCT_NAME = "$(TARGET_NAME)";
			};
			name = Debug;
		};
		0CD566601E3FB923007FBBCC /* Release */ = {
			isa = XCBuildConfiguration;
			baseConfigurationReference = 64EFA33A005AFA10CFD61DF0 /* Pods-Twittr.release.xcconfig */;
			buildSettings = {
				ASSETCATALOG_COMPILER_APPICON_NAME = AppIcon;
				INFOPLIST_FILE = Twittr/Info.plist;
				LD_RUNPATH_SEARCH_PATHS = "$(inherited) @executable_path/Frameworks";
				PRODUCT_BUNDLE_IDENTIFIER = com.balasankar.Twittr;
				PRODUCT_NAME = "$(TARGET_NAME)";
			};
			name = Release;
		};
/* End XCBuildConfiguration section */

/* Begin XCConfigurationList section */
		0CD566421E3FB922007FBBCC /* Build configuration list for PBXProject "Twittr" */ = {
			isa = XCConfigurationList;
			buildConfigurations = (
				0CD5665C1E3FB923007FBBCC /* Debug */,
				0CD5665D1E3FB923007FBBCC /* Release */,
			);
			defaultConfigurationIsVisible = 0;
			defaultConfigurationName = Release;
		};
		0CD5665E1E3FB923007FBBCC /* Build configuration list for PBXNativeTarget "Twittr" */ = {
			isa = XCConfigurationList;
			buildConfigurations = (
				0CD5665F1E3FB923007FBBCC /* Debug */,
				0CD566601E3FB923007FBBCC /* Release */,
			);
			defaultConfigurationIsVisible = 0;
		};
/* End XCConfigurationList section */
	};
	rootObject = 0CD5663F1E3FB922007FBBCC /* Project object */;
}
